
Microsoft Visual Studio Solution File, Format Version 12.00
# Visual Studio Version 16
VisualStudioVersion = 16.0.33027.164
MinimumVisualStudioVersion = 10.0.40219.1
Project("{9A19103F-16F7-4668-BE54-9A1E7A4F7556}") = "InventoryApp", "InventoryApp.csproj", "{4BDF8FD1-31D9-4324-A4DF-6A8CAB2BECC1}"
EndProject
Global
	GlobalSection(SolutionConfigurationPlatforms) = preSolution
		Debug|Any CPU = Debug|Any CPU
		Release|Any CPU = Release|Any CPU
	EndGlobalSection
	GlobalSection(ProjectConfigurationPlatforms) = postSolution
		{4BDF8FD1-31D9-4324-A4DF-6A8CAB2BECC1}.Debug|Any CPU.ActiveCfg = Debug|Any CPU
		{4BDF8FD1-31D9-4324-A4DF-6A8CAB2BECC1}.Debug|Any CPU.Build.0 = Debug|Any CPU
		{4BDF8FD1-31D9-4324-A4DF-6A8CAB2BECC1}.Release|Any CPU.ActiveCfg = Release|Any CPU
		{4BDF8FD1-31D9-4324-A4DF-6A8CAB2BECC1}.Release|Any CPU.Build.0 = Release|Any CPU
	EndGlobalSection
	GlobalSection(SolutionProperties) = preSolution
		HideSolutionNode = FALSE
	EndGlobalSection
	GlobalSection(ExtensibilityGlobals) = postSolution
		SolutionGuid = {8E974D36-367E-443B-B08C-5B6B4934618A}
	EndGlobalSection
EndGlobal
